github.com/barani129/puppy v0.0.0-20231027024322-d1129bfec9b8 h1:v0KFYC/8HIP4ePmLq+VvTy//+PU9tTkly15gaplDcuo=
github.com/barani129/puppy v0.0.0-20231027024322-d1129bfec9b8/go.mod h1:lunjJK9s9JBW+OJXfQZS/NFjDXm9nCMdAx3eFC3Ok6g=
github.com/barani129/puppy v0.0.0-20231027025932-28a808dc7c73 h1:gaReq2Ms04z+D1rud8vBq5z1sPUrggNJa9g0L6xSCjA=
github.com/barani129/puppy v0.0.0-20231027025932-28a808dc7c73/go.mod h1:lunjJK9s9JBW+OJXfQZS/NFjDXm9nCMdAx3eFC3Ok6g=
